Microsoft Visual Studio Solution File, Format Version 12.00
# Visual Studio 15
VisualStudioVersion = 15.0.28307.329
MinimumVisualStudioVersion = 10.0.40219.1
Project("{FAE04EC0-301F-11D3-BF4B-00C04F79EFBC}") = "MyTeBS.Android", "MyTeBS.Android\MyTeBS.Android.csproj", "{20C67D1C-8188-4B21-B26E-B4C267869E79}"
EndProject
Project("{FAE04EC0-301F-11D3-BF4B-00C04F79EFBC}") = "MyTeBS.iOS", "MyTeBS.iOS\MyTeBS.iOS.csproj", "{0072ABED-C0CD-497F-A5FB-7F916D21252E}"
EndProject
Project("{9A19103F-16F7-4668-BE54-9A1E7A4F7556}") = "MyTeBS", "MyTeBS\MyTeBS.csproj", "{074DEC17-A0D2-46F1-9DFF-E27D7DA672C4}"
EndProject
Project("{FAE04EC0-301F-11D3-BF4B-00C04F79EFBC}") = "MyTeBS.Data", "MyTeBS.Data\MyTeBS.Data.csproj", "{BC8127E3-1F9D-4A93-8F30-CD74B6093E16}"
EndProject
Project("{2150E333-8FDC-42A3-9474-1A3956D46DE8}") = "Solution Items", "Solution Items", "{A7D7C6B8-BA1E-4E23-BCBC-89D1F1586AC0}"
	ProjectSection(SolutionItems) = preProject
		MyTeBS.Android\Resources\drawable-hdpi\icclearicon.png.png = MyTeBS.Android\Resources\drawable-hdpi\icclearicon.png.png
	EndProjectSection
EndProject
Global
	GlobalSection(SolutionConfigurationPlatforms) = preSolution
		Ad-Hoc|Any CPU = Ad-Hoc|Any CPU
		Ad-Hoc|iPhone = Ad-Hoc|iPhone
		Ad-Hoc|iPhoneSimulator = Ad-Hoc|iPhoneSimulator
		AppStore|Any CPU = AppStore|Any CPU
		AppStore|iPhone = AppStore|iPhone
		AppStore|iPhoneSimulator = AppStore|iPhoneSimulator
		Debug|Any CPU = Debug|Any CPU
		Debug|iPhone = Debug|iPhone
		Debug|iPhoneSimulator = Debug|iPhoneSimulator
		Release|Any CPU = Release|Any CPU
		Release|iPhone = Release|iPhone
		Release|iPhoneSimulator = Release|iPhoneSimulator
	EndGlobalSection
	GlobalSection(ProjectConfigurationPlatforms) = postSolution
		{20C67D1C-8188-4B21-B26E-B4C267869E79}.Ad-Hoc|Any CPU.ActiveCfg = Release|Any CPU
		{20C67D1C-8188-4B21-B26E-B4C267869E79}.Ad-Hoc|Any CPU.Build.0 = Release|Any CPU
		{20C67D1C-8188-4B21-B26E-B4C267869E79}.Ad-Hoc|Any CPU.Deploy.0 = Release|Any CPU
		{20C67D1C-8188-4B21-B26E-B4C267869E79}.Ad-Hoc|iPhone.ActiveCfg = Debug|Any CPU
		{20C67D1C-8188-4B21-B26E-B4C267869E79}.Ad-Hoc|iPhone.Build.0 = Debug|Any CPU
		{20C67D1C-8188-4B21-B26E-B4C267869E79}.Ad-Hoc|iPhoneSimulator.ActiveCfg = Release|Any CPU
		{20C67D1C-8188-4B21-B26E-B4C267869E79}.Ad-Hoc|iPhoneSimulator.Build.0 = Release|Any CPU
		{20C67D1C-8188-4B21-B26E-B4C267869E79}.Ad-Hoc|iPhoneSimulator.Deploy.0 = Release|Any CPU
		{20C67D1C-8188-4B21-B26E-B4C267869E79}.AppStore|Any CPU.ActiveCfg = Release|Any CPU
		{20C67D1C-8188-4B21-B26E-B4C267869E79}.AppStore|Any CPU.Build.0 = Release|Any CPU
		{20C67D1C-8188-4B21-B26E-B4C267869E79}.AppStore|Any CPU.Deploy.0 = Release|Any CPU
		{20C67D1C-8188-4B21-B26E-B4C267869E79}.AppStore|iPhone.ActiveCfg = Debug|Any CPU
		{20C67D1C-8188-4B21-B26E-B4C267869E79}.AppStore|iPhone.Build.0 = Debug|Any CPU
		{20C67D1C-8188-4B21-B26E-B4C267869E79}.AppStore|iPhoneSimulator.ActiveCfg = Release|Any CPU
		{20C67D1C-8188-4B21-B26E-B4C267869E79}.AppStore|iPhoneSimulator.Build.0 = Release|Any CPU
		{20C67D1C-8188-4B21-B26E-B4C267869E79}.AppStore|iPhoneSimulator.Deploy.0 = Release|Any CPU
		{20C67D1C-8188-4B21-B26E-B4C267869E79}.Debug|Any CPU.ActiveCfg = Debug|Any CPU
		{20C67D1C-8188-4B21-B26E-B4C267869E79}.Debug|Any CPU.Build.0 = Debug|Any CPU
		{20C67D1C-8188-4B21-B26E-B4C267869E79}.Debug|iPhone.ActiveCfg = Debug|Any CPU
		{20C67D1C-8188-4B21-B26E-B4C267869E79}.Debug|iPhone.Build.0 = Debug|Any CPU
		{20C67D1C-8188-4B21-B26E-B4C267869E79}.Debug|iPhoneSimulator.ActiveCfg = Debug|Any CPU
		{20C67D1C-8188-4B21-B26E-B4C267869E79}.Debug|iPhoneSimulator.Build.0 = Debug|Any CPU
		{20C67D1C-8188-4B21-B26E-B4C267869E79}.Release|Any CPU.ActiveCfg = Release|Any CPU
		{20C67D1C-8188-4B21-B26E-B4C267869E79}.Release|Any CPU.Build.0 = Release|Any CPU
		{20C67D1C-8188-4B21-B26E-B4C267869E79}.Release|Any CPU.Deploy.0 = Release|Any CPU
		{20C67D1C-8188-4B21-B26E-B4C267869E79}.Release|iPhone.ActiveCfg = Release|Any CPU
		{20C67D1C-8188-4B21-B26E-B4C267869E79}.Release|iPhone.Build.0 = Release|Any CPU
		{20C67D1C-8188-4B21-B26E-B4C267869E79}.Release|iPhoneSimulator.ActiveCfg = Release|Any CPU
		{20C67D1C-8188-4B21-B26E-B4C267869E79}.Release|iPhoneSimulator.Build.0 = Release|Any CPU
		{20C67D1C-8188-4B21-B26E-B4C267869E79}.Release|iPhoneSimulator.Deploy.0 = Release|Any CPU
		{0072ABED-C0CD-497F-A5FB-7F916D21252E}.Ad-Hoc|Any CPU.ActiveCfg = Ad-Hoc|iPhoneSimulator
		{0072ABED-C0CD-497F-A5FB-7F916D21252E}.Ad-Hoc|iPhone.ActiveCfg = Ad-Hoc|iPhone
		{0072ABED-C0CD-497F-A5FB-7F916D21252E}.Ad-Hoc|iPhone.Build.0 = Ad-Hoc|iPhone
		{0072ABED-C0CD-497F-A5FB-7F916D21252E}.Ad-Hoc|iPhoneSimulator.ActiveCfg = Ad-Hoc|iPhoneSimulator
		{0072ABED-C0CD-497F-A5FB-7F916D21252E}.Ad-Hoc|iPhoneSimulator.Build.0 = Ad-Hoc|iPhoneSimulator
		{0072ABED-C0CD-497F-A5FB-7F916D21252E}.AppStore|Any CPU.ActiveCfg = AppStore|iPhoneSimulator
		{0072ABED-C0CD-497F-A5FB-7F916D21252E}.AppStore|iPhone.ActiveCfg = AppStore|iPhone
		{0072ABED-C0CD-497F-A5FB-7F916D21252E}.AppStore|iPhone.Build.0 = AppStore|iPhone
		{0072ABED-C0CD-497F-A5FB-7F916D21252E}.AppStore|iPhoneSimulator.ActiveCfg = AppStore|iPhoneSimulator
		{0072ABED-C0CD-497F-A5FB-7F916D21252E}.AppStore|iPhoneSimulator.Build.0 = AppStore|iPhoneSimulator
		{0072ABED-C0CD-497F-A5FB-7F916D21252E}.Debug|Any CPU.ActiveCfg = Debug|iPhoneSimulator
		{0072ABED-C0CD-497F-A5FB-7F916D21252E}.Debug|Any CPU.Build.0 = Debug|iPhoneSimulator
		{0072ABED-C0CD-497F-A5FB-7F916D21252E}.Debug|iPhone.ActiveCfg = Debug|iPhone
		{0072ABED-C0CD-497F-A5FB-7F916D21252E}.Debug|iPhone.Build.0 = Debug|iPhone
		{0072ABED-C0CD-497F-A5FB-7F916D21252E}.Debug|iPhoneSimulator.ActiveCfg = Debug|iPhoneSimulator
		{0072ABED-C0CD-497F-A5FB-7F916D21252E}.Debug|iPhoneSimulator.Build.0 = Debug|iPhoneSimulator
		{0072ABED-C0CD-497F-A5FB-7F916D21252E}.Release|Any CPU.ActiveCfg = Release|iPhoneSimulator
		{0072ABED-C0CD-497F-A5FB-7F916D21252E}.Release|Any CPU.Build.0 = Release|iPhoneSimulator
		{0072ABED-C0CD-497F-A5FB-7F916D21252E}.Release|iPhone.ActiveCfg = Release|iPhone
		{0072ABED-C0CD-497F-A5FB-7F916D21252E}.Release|iPhone.Build.0 = Release|iPhone
		{0072ABED-C0CD-497F-A5FB-7F916D21252E}.Release|iPhoneSimulator.ActiveCfg = Release|iPhoneSimulator
		{0072ABED-C0CD-497F-A5FB-7F916D21252E}.Release|iPhoneSimulator.Build.0 = Release|iPhoneSimulator
		{074DEC17-A0D2-46F1-9DFF-E27D7DA672C4}.Ad-Hoc|Any CPU.ActiveCfg = Release|Any CPU
		{074DEC17-A0D2-46F1-9DFF-E27D7DA672C4}.Ad-Hoc|Any CPU.Build.0 = Release|Any CPU
		{074DEC17-A0D2-46F1-9DFF-E27D7DA672C4}.Ad-Hoc|iPhone.ActiveCfg = Debug|Any CPU
		{074DEC17-A0D2-46F1-9DFF-E27D7DA672C4}.Ad-Hoc|iPhone.Build.0 = Debug|Any CPU
		{074DEC17-A0D2-46F1-9DFF-E27D7DA672C4}.Ad-Hoc|iPhoneSimulator.ActiveCfg = Release|Any CPU
		{074DEC17-A0D2-46F1-9DFF-E27D7DA672C4}.Ad-Hoc|iPhoneSimulator.Build.0 = Release|Any CPU
		{074DEC17-A0D2-46F1-9DFF-E27D7DA672C4}.AppStore|Any CPU.ActiveCfg = Release|Any CPU
		{074DEC17-A0D2-46F1-9DFF-E27D7DA672C4}.AppStore|Any CPU.Build.0 = Release|Any CPU
		{074DEC17-A0D2-46F1-9DFF-E27D7DA672C4}.AppStore|iPhone.ActiveCfg = Debug|Any CPU
		{074DEC17-A0D2-46F1-9DFF-E27D7DA672C4}.AppStore|iPhone.Build.0 = Debug|Any CPU
		{074DEC17-A0D2-46F1-9DFF-E27D7DA672C4}.AppStore|iPhoneSimulator.ActiveCfg = Release|Any CPU
		{074DEC17-A0D2-46F1-9DFF-E27D7DA672C4}.AppStore|iPhoneSimulator.Build.0 = Release|Any CPU
		{074DEC17-A0D2-46F1-9DFF-E27D7DA672C4}.Debug|Any CPU.ActiveCfg = Debug|Any CPU
		{074DEC17-A0D2-46F1-9DFF-E27D7DA672C4}.Debug|Any CPU.Build.0 = Debug|Any CPU
		{074DEC17-A0D2-46F1-9DFF-E27D7DA672C4}.Debug|iPhone.ActiveCfg = Debug|Any CPU
		{074DEC17-A0D2-46F1-9DFF-E27D7DA672C4}.Debug|iPhone.Build.0 = Debug|Any CPU
		{074DEC17-A0D2-46F1-9DFF-E27D7DA672C4}.Debug|iPhoneSimulator.ActiveCfg = Debug|Any CPU
		{074DEC17-A0D2-46F1-9DFF-E27D7DA672C4}.Debug|iPhoneSimulator.Build.0 = Debug|Any CPU
		{074DEC17-A0D2-46F1-9DFF-E27D7DA672C4}.Release|Any CPU.ActiveCfg = Release|Any CPU
		{074DEC17-A0D2-46F1-9DFF-E27D7DA672C4}.Release|Any CPU.Build.0 = Release|Any CPU
		{074DEC17-A0D2-46F1-9DFF-E27D7DA672C4}.Release|iPhone.ActiveCfg = Release|Any CPU
		{074DEC17-A0D2-46F1-9DFF-E27D7DA672C4}.Release|iPhone.Build.0 = Release|Any CPU
		{074DEC17-A0D2-46F1-9DFF-E27D7DA672C4}.Release|iPhoneSimulator.ActiveCfg = Release|Any CPU
		{074DEC17-A0D2-46F1-9DFF-E27D7DA672C4}.Release|iPhoneSimulator.Build.0 = Release|Any CPU
		{BC8127E3-1F9D-4A93-8F30-CD74B6093E16}.Ad-Hoc|Any CPU.ActiveCfg = Debug|Any CPU
		{BC8127E3-1F9D-4A93-8F30-CD74B6093E16}.Ad-Hoc|Any CPU.Build.0 = Debug|Any CPU
		{BC8127E3-1F9D-4A93-8F30-CD74B6093E16}.Ad-Hoc|iPhone.ActiveCfg = Release|Any CPU
		{BC8127E3-1F9D-4A93-8F30-CD74B6093E16}.Ad-Hoc|iPhone.Build.0 = Release|Any CPU
		{BC8127E3-1F9D-4A93-8F30-CD74B6093E16}.Ad-Hoc|iPhoneSimulator.ActiveCfg = Debug|Any CPU
		{BC8127E3-1F9D-4A93-8F30-CD74B6093E16}.Ad-Hoc|iPhoneSimulator.Build.0 = Debug|Any CPU
		{BC8127E3-1F9D-4A93-8F30-CD74B6093E16}.AppStore|Any CPU.ActiveCfg = Debug|Any CPU
		{BC8127E3-1F9D-4A93-8F30-CD74B6093E16}.AppStore|Any CPU.Build.0 = Debug|Any CPU
		{BC8127E3-1F9D-4A93-8F30-CD74B6093E16}.AppStore|iPhone.ActiveCfg = Release|Any CPU
		{BC8127E3-1F9D-4A93-8F30-CD74B6093E16}.AppStore|iPhone.Build.0 = Release|Any CPU
		{BC8127E3-1F9D-4A93-8F30-CD74B6093E16}.AppStore|iPhoneSimulator.ActiveCfg = Debug|Any CPU
		{BC8127E3-1F9D-4A93-8F30-CD74B6093E16}.AppStore|iPhoneSimulator.Build.0 = Debug|Any CPU
		{BC8127E3-1F9D-4A93-8F30-CD74B6093E16}.Debug|Any CPU.ActiveCfg = Debug|Any CPU
		{BC8127E3-1F9D-4A93-8F30-CD74B6093E16}.Debug|Any CPU.Build.0 = Debug|Any CPU
		{BC8127E3-1F9D-4A93-8F30-CD74B6093E16}.Debug|iPhone.ActiveCfg = Debug|Any CPU
		{BC8127E3-1F9D-4A93-8F30-CD74B6093E16}.Debug|iPhone.Build.0 = Debug|Any CPU
		{BC8127E3-1F9D-4A93-8F30-CD74B6093E16}.Debug|iPhoneSimulator.ActiveCfg = Debug|Any CPU
		{BC8127E3-1F9D-4A93-8F30-CD74B6093E16}.Debug|iPhoneSimulator.Build.0 = Debug|Any CPU
		{BC8127E3-1F9D-4A93-8F30-CD74B6093E16}.Release|Any CPU.ActiveCfg = Release|Any CPU
		{BC8127E3-1F9D-4A93-8F30-CD74B6093E16}.Release|Any CPU.Build.0 = Release|Any CPU
		{BC8127E3-1F9D-4A93-8F30-CD74B6093E16}.Release|iPhone.ActiveCfg = Release|Any CPU
		{BC8127E3-1F9D-4A93-8F30-CD74B6093E16}.Release|iPhone.Build.0 = Release|Any CPU
		{BC8127E3-1F9D-4A93-8F30-CD74B6093E16}.Release|iPhoneSimulator.ActiveCfg = Release|Any CPU
		{BC8127E3-1F9D-4A93-8F30-CD74B6093E16}.Release|iPhoneSimulator.Build.0 = Release|Any CPU
	EndGlobalSection
	GlobalSection(SolutionProperties) = preSolution
		HideSolutionNode = FALSE
	EndGlobalSection
	GlobalSection(ExtensibilityGlobals) = postSolution
		SolutionGuid = {9573E5B1-5393-43F4-B952-6D622816C326}
	EndGlobalSection
EndGlobal
